
Microsoft Visual Studio Solution File, Format Version 12.00
# Visual Studio Version 16
VisualStudioVersion = 16.0.30330.147
MinimumVisualStudioVersion = 10.0.40219.1
Project("{FAE04EC0-301F-11D3-BF4B-00C04F79EFBC}") = "SumarB", "SumarB\SumarB.csproj", "{CB483559-9A72-4B9A-8918-2BAE83E8621F}"
EndProject
Global
	GlobalSection(SolutionConfigurationPlatforms) = preSolution
		Debug|Any CPU = Debug|Any CPU
		Release|Any CPU = Release|Any CPU
	EndGlobalSection
	GlobalSection(ProjectConfigurationPlatforms) = postSolution
		{CB483559-9A72-4B9A-8918-2BAE83E8621F}.Debug|Any CPU.ActiveCfg = Debug|Any CPU
		{CB483559-9A72-4B9A-8918-2BAE83E8621F}.Debug|Any CPU.Build.0 = Debug|Any CPU
		{CB483559-9A72-4B9A-8918-2BAE83E8621F}.Release|Any CPU.ActiveCfg = Release|Any CPU
		{CB483559-9A72-4B9A-8918-2BAE83E8621F}.Release|Any CPU.Build.0 = Release|Any CPU
	EndGlobalSection
	GlobalSection(SolutionProperties) = preSolution
		HideSolutionNode = FALSE
	EndGlobalSection
	GlobalSection(ExtensibilityGlobals) = postSolution
		SolutionGuid = {6B76A567-F5C0-4870-A61A-EEF8465B668B}
	EndGlobalSection
EndGlobal
